
Microsoft Visual Studio Solution File, Format Version 12.00
# Visual Studio Version 17
VisualStudioVersion = 17.2.32317.152
MinimumVisualStudioVersion = 10.0.40219.1
Project("{FAE04EC0-301F-11D3-BF4B-00C04F79EFBC}") = "Learning.Api", "Learning.Api\Learning.Api.csproj", "{C704A3CF-AC29-4145-BBF8-680288A03882}"
EndProject
Project("{FAE04EC0-301F-11D3-BF4B-00C04F79EFBC}") = "Learning.Dal", "Learning.Dal\Learning.Dal.csproj", "{5ABAF4C5-FBED-48CC-92B9-66BBC4C227C8}"
EndProject
Project("{FAE04EC0-301F-11D3-BF4B-00C04F79EFBC}") = "Learning.Test", "Learning.Test\Learning.Test.csproj", "{A76BC9FC-2ACB-4EC9-9985-7567E0619D59}"
EndProject
Global
	GlobalSection(SolutionConfigurationPlatforms) = preSolution
		Debug|Any CPU = Debug|Any CPU
		Release|Any CPU = Release|Any CPU
	EndGlobalSection
	GlobalSection(ProjectConfigurationPlatforms) = postSolution
		{C704A3CF-AC29-4145-BBF8-680288A03882}.Debug|Any CPU.ActiveCfg = Debug|Any CPU
		{C704A3CF-AC29-4145-BBF8-680288A03882}.Debug|Any CPU.Build.0 = Debug|Any CPU
		{C704A3CF-AC29-4145-BBF8-680288A03882}.Release|Any CPU.ActiveCfg = Release|Any CPU
		{C704A3CF-AC29-4145-BBF8-680288A03882}.Release|Any CPU.Build.0 = Release|Any CPU
		{5ABAF4C5-FBED-48CC-92B9-66BBC4C227C8}.Debug|Any CPU.ActiveCfg = Debug|Any CPU
		{5ABAF4C5-FBED-48CC-92B9-66BBC4C227C8}.Debug|Any CPU.Build.0 = Debug|Any CPU
		{5ABAF4C5-FBED-48CC-92B9-66BBC4C227C8}.Release|Any CPU.ActiveCfg = Release|Any CPU
		{5ABAF4C5-FBED-48CC-92B9-66BBC4C227C8}.Release|Any CPU.Build.0 = Release|Any CPU
		{A76BC9FC-2ACB-4EC9-9985-7567E0619D59}.Debug|Any CPU.ActiveCfg = Debug|Any CPU
		{A76BC9FC-2ACB-4EC9-9985-7567E0619D59}.Debug|Any CPU.Build.0 = Debug|Any CPU
		{A76BC9FC-2ACB-4EC9-9985-7567E0619D59}.Release|Any CPU.ActiveCfg = Release|Any CPU
		{A76BC9FC-2ACB-4EC9-9985-7567E0619D59}.Release|Any CPU.Build.0 = Release|Any CPU
	EndGlobalSection
	GlobalSection(SolutionProperties) = preSolution
		HideSolutionNode = FALSE
	EndGlobalSection
	GlobalSection(ExtensibilityGlobals) = postSolution
		SolutionGuid = {0A67C817-5CA0-4C47-A8EE-85B92B21D7C7}
	EndGlobalSection
EndGlobal
